
Microsoft Visual Studio Solution File, Format Version 12.00
# Visual Studio Version 17
VisualStudioVersion = 17.8.34330.188
MinimumVisualStudioVersion = 10.0.40219.1
Project("{FAE04EC0-301F-11D3-BF4B-00C04F79EFBC}") = "DesignPatterns", "DesignPatterns\DesignPatterns.csproj", "{37473663-CC48-448F-814D-F98735A70A99}"
EndProject
Project("{FAE04EC0-301F-11D3-BF4B-00C04F79EFBC}") = "SingletonApp", "SingletonApp\SingletonApp.csproj", "{F42B0D59-D02F-4F39-B8E6-FDF0B1E6E80A}"
EndProject
Project("{FAE04EC0-301F-11D3-BF4B-00C04F79EFBC}") = "AbstractFactory", "AbstractFactory\AbstractFactory.csproj", "{1254A9A5-DF38-42BC-9DB4-9E59A228561F}"
EndProject
Global
	GlobalSection(SolutionConfigurationPlatforms) = preSolution
		Debug|Any CPU = Debug|Any CPU
		Release|Any CPU = Release|Any CPU
	EndGlobalSection
	GlobalSection(ProjectConfigurationPlatforms) = postSolution
		{37473663-CC48-448F-814D-F98735A70A99}.Debug|Any CPU.ActiveCfg = Debug|Any CPU
		{37473663-CC48-448F-814D-F98735A70A99}.Debug|Any CPU.Build.0 = Debug|Any CPU
		{37473663-CC48-448F-814D-F98735A70A99}.Release|Any CPU.ActiveCfg = Release|Any CPU
		{37473663-CC48-448F-814D-F98735A70A99}.Release|Any CPU.Build.0 = Release|Any CPU
		{F42B0D59-D02F-4F39-B8E6-FDF0B1E6E80A}.Debug|Any CPU.ActiveCfg = Debug|Any CPU
		{F42B0D59-D02F-4F39-B8E6-FDF0B1E6E80A}.Debug|Any CPU.Build.0 = Debug|Any CPU
		{F42B0D59-D02F-4F39-B8E6-FDF0B1E6E80A}.Release|Any CPU.ActiveCfg = Release|Any CPU
		{F42B0D59-D02F-4F39-B8E6-FDF0B1E6E80A}.Release|Any CPU.Build.0 = Release|Any CPU
		{1254A9A5-DF38-42BC-9DB4-9E59A228561F}.Debug|Any CPU.ActiveCfg = Debug|Any CPU
		{1254A9A5-DF38-42BC-9DB4-9E59A228561F}.Debug|Any CPU.Build.0 = Debug|Any CPU
		{1254A9A5-DF38-42BC-9DB4-9E59A228561F}.Release|Any CPU.ActiveCfg = Release|Any CPU
		{1254A9A5-DF38-42BC-9DB4-9E59A228561F}.Release|Any CPU.Build.0 = Release|Any CPU
	EndGlobalSection
	GlobalSection(SolutionProperties) = preSolution
		HideSolutionNode = FALSE
	EndGlobalSection
	GlobalSection(ExtensibilityGlobals) = postSolution
		SolutionGuid = {7D1D0C99-7920-4139-98D5-18D780557C6F}
	EndGlobalSection
EndGlobal
